// !$*UTF8*$!
{
	archiveVersion = 1;
	classes = {
	};
	objectVersion = 50;
	objects = {

/* Begin PBXBuildFile section */
		9EE7C4E826E1122200B8A84E /* AppDelegate.swift in Sources */ = {isa = PBXBuildFile; fileRef = 9EE7C4E726E1122200B8A84E /* AppDelegate.swift */; };
		9EE7C4EA26E1122200B8A84E /* SceneDelegate.swift in Sources */ = {isa = PBXBuildFile; fileRef = 9EE7C4E926E1122200B8A84E /* SceneDelegate.swift */; };
		9EE7C4EC26E1122200B8A84E /* ViewController.swift in Sources */ = {isa = PBXBuildFile; fileRef = 9EE7C4EB26E1122200B8A84E /* ViewController.swift */; };
		9EE7C4EF26E1122200B8A84E /* Main.storyboard in Resources */ = {isa = PBXBuildFile; fileRef = 9EE7C4ED26E1122200B8A84E /* Main.storyboard */; };
		9EE7C4F126E1122400B8A84E /* Assets.xcassets in Resources */ = {isa = PBXBuildFile; fileRef = 9EE7C4F026E1122400B8A84E /* Assets.xcassets */; };
		9EE7C4F426E1122400B8A84E /* LaunchScreen.storyboard in Resources */ = {isa = PBXBuildFile; fileRef = 9EE7C4F226E1122400B8A84E /* LaunchScreen.storyboard */; };
		9EE7C4FE26E1133700B8A84E /* MyCell.swift in Sources */ = {isa = PBXBuildFile; fileRef = 9EE7C4FC26E1133700B8A84E /* MyCell.swift */; };
		9EE7C4FF26E1133700B8A84E /* MyCell.xib in Resources */ = {isa = PBXBuildFile; fileRef = 9EE7C4FD26E1133700B8A84E /* MyCell.xib */; };
/* End PBXBuildFile section */

/* Begin PBXFileReference section */
		9EE7C4E426E1122200B8A84E /* mvvmCollection.app */ = {isa = PBXFileReference; explicitFileType = wrapper.application; includeInIndex = 0; path = mvvmCollection.app; sourceTree = BUILT_PRODUCTS_DIR; };
		9EE7C4E726E1122200B8A84E /* AppDelegate.swift */ = {isa = PBXFileReference; lastKnownFileType = sourcecode.swift; path = AppDelegate.swift; sourceTree = "<group>"; };
		9EE7C4E926E1122200B8A84E /* SceneDelegate.swift */ = {isa = PBXFileReference; lastKnownFileType = sourcecode.swift; path = SceneDelegate.swift; sourceTree = "<group>"; };
		9EE7C4EB26E1122200B8A84E /* ViewController.swift */ = {isa = PBXFileReference; lastKnownFileType = sourcecode.swift; path = ViewController.swift; sourceTree = "<group>"; };
		9EE7C4EE26E1122200B8A84E /* Base */ = {isa = PBXFileReference; lastKnownFileType = file.storyboard; name = Base; path = Base.lproj/Main.storyboard; sourceTree = "<group>"; };
		9EE7C4F026E1122400B8A84E /* Assets.xcassets */ = {isa = PBXFileReference; lastKnownFileType = folder.assetcatalog; path = Assets.xcassets; sourceTree = "<group>"; };
		9EE7C4F326E1122400B8A84E /* Base */ = {isa = PBXFileReference; lastKnownFileType = file.storyboard; name = Base; path = Base.lproj/LaunchScreen.storyboard; sourceTree = "<group>"; };
		9EE7C4F526E1122400B8A84E /* Info.plist */ = {isa = PBXFileReference; lastKnownFileType = text.plist.xml; path = Info.plist; sourceTree = "<group>"; };
		9EE7C4FC26E1133700B8A84E /* MyCell.swift */ = {isa = PBXFileReference; lastKnownFileType = sourcecode.swift; path = MyCell.swift; sourceTree = "<group>"; };
		9EE7C4FD26E1133700B8A84E /* MyCell.xib */ = {isa = PBXFileReference; lastKnownFileType = file.xib; path = MyCell.xib; sourceTree = "<group>"; };
/* End PBXFileReference section */

/* Begin PBXFrameworksBuildPhase section */
		9EE7C4E126E1122200B8A84E /* Frameworks */ = {
			isa = PBXFrameworksBuildPhase;
			buildActionMask = 2147483647;
			files = (
			);
			runOnlyForDeploymentPostprocessing = 0;
		};
/* End PBXFrameworksBuildPhase section */

/* Begin PBXGroup section */
		9EE7C4DB26E1122200B8A84E = {
			isa = PBXGroup;
			children = (
				9EE7C4E626E1122200B8A84E /* mvvmCollection */,
				9EE7C4E526E1122200B8A84E /* Products */,
			);
			sourceTree = "<group>";
		};
		9EE7C4E526E1122200B8A84E /* Products */ = {
			isa = PBXGroup;
			children = (
				9EE7C4E426E1122200B8A84E /* mvvmCollection.app */,
			);
			name = Products;
			sourceTree = "<group>";
		};
		9EE7C4E626E1122200B8A84E /* mvvmCollection */ = {
			isa = PBXGroup;
			children = (
				9EE7C4EB26E1122200B8A84E /* ViewController.swift */,
				9EE7C4FC26E1133700B8A84E /* MyCell.swift */,
				9EE7C4FD26E1133700B8A84E /* MyCell.xib */,
				9EE7C4ED26E1122200B8A84E /* Main.storyboard */,
				9EE7C4FB26E1122D00B8A84E /* Supporting */,
			);
			path = mvvmCollection;
			sourceTree = "<group>";
		};
		9EE7C4FB26E1122D00B8A84E /* Supporting */ = {
			isa = PBXGroup;
			children = (
				9EE7C4E726E1122200B8A84E /* AppDelegate.swift */,
				9EE7C4E926E1122200B8A84E /* SceneDelegate.swift */,
				9EE7C4F026E1122400B8A84E /* Assets.xcassets */,
				9EE7C4F226E1122400B8A84E /* LaunchScreen.storyboard */,
				9EE7C4F526E1122400B8A84E /* Info.plist */,
			);
			name = Supporting;
			sourceTree = "<group>";
		};
/* End PBXGroup section */

/* Begin PBXNativeTarget section */
		9EE7C4E326E1122200B8A84E /* mvvmCollection */ = {
			isa = PBXNativeTarget;
			buildConfigurationList = 9EE7C4F826E1122400B8A84E /* Build configuration list for PBXNativeTarget "mvvmCollection" */;
			buildPhases = (
				9EE7C4E026E1122200B8A84E /* Sources */,
				9EE7C4E126E1122200B8A84E /* Frameworks */,
				9EE7C4E226E1122200B8A84E /* Resources */,
			);
			buildRules = (
			);
			dependencies = (
			);
			name = mvvmCollection;
			productName = mvvmCollection;
			productReference = 9EE7C4E426E1122200B8A84E /* mvvmCollection.app */;
			productType = "com.apple.product-type.application";
		};
/* End PBXNativeTarget section */

/* Begin PBXProject section */
		9EE7C4DC26E1122200B8A84E /* Project object */ = {
			isa = PBXProject;
			attributes = {
				LastSwiftUpdateCheck = 1250;
				LastUpgradeCheck = 1250;
				TargetAttributes = {
					9EE7C4E326E1122200B8A84E = {
						CreatedOnToolsVersion = 12.5;
					};
				};
			};
			buildConfigurationList = 9EE7C4DF26E1122200B8A84E /* Build configuration list for PBXProject "mvvmCollection" */;
			compatibilityVersion = "Xcode 9.3";
			developmentRegion = en;
			hasScannedForEncodings = 0;
			knownRegions = (
				en,
				Base,
			);
			mainGroup = 9EE7C4DB26E1122200B8A84E;
			productRefGroup = 9EE7C4E526E1122200B8A84E /* Products */;
			projectDirPath = "";
			projectRoot = "";
			targets = (
				9EE7C4E326E1122200B8A84E /* mvvmCollection */,
			);
		};
/* End PBXProject section */

/* Begin PBXResourcesBuildPhase section */
		9EE7C4E226E1122200B8A84E /* Resources */ = {
			isa = PBXResourcesBuildPhase;
			buildActionMask = 2147483647;
			files = (
				9EE7C4F426E1122400B8A84E /* LaunchScreen.storyboard in Resources */,
				9EE7C4FF26E1133700B8A84E /* MyCell.xib in Resources */,
				9EE7C4F126E1122400B8A84E /* Assets.xcassets in Resources */,
				9EE7C4EF26E1122200B8A84E /* Main.storyboard in Resources */,
			);
			runOnlyForDeploymentPostprocessing = 0;
		};
/* End PBXResourcesBuildPhase section */

/* Begin PBXSourcesBuildPhase section */
		9EE7C4E026E1122200B8A84E /* Sources */ = {
			isa = PBXSourcesBuildPhase;
			buildActionMask = 2147483647;
			files = (
				9EE7C4EC26E1122200B8A84E /* ViewController.swift in Sources */,
				9EE7C4FE26E1133700B8A84E /* MyCell.swift in Sources */,
				9EE7C4E826E1122200B8A84E /* AppDelegate.swift in Sources */,
				9EE7C4EA26E1122200B8A84E /* SceneDelegate.swift in Sources */,
			);
			runOnlyForDeploymentPostprocessing = 0;
		};
/* End PBXSourcesBuildPhase section */

/* Begin PBXVariantGroup section */
		9EE7C4ED26E1122200B8A84E /* Main.storyboard */ = {
			isa = PBXVariantGroup;
			children = (
				9EE7C4EE26E1122200B8A84E /* Base */,
			);
			name = Main.storyboard;
			sourceTree = "<group>";
		};
		9EE7C4F226E1122400B8A84E /* LaunchScreen.storyboard */ = {
			isa = PBXVariantGroup;
			children = (
				9EE7C4F326E1122400B8A84E /* Base */,
			);
			name = LaunchScreen.storyboard;
			sourceTree = "<group>";
		};
/* End PBXVariantGroup section */

/* Begin XCBuildConfiguration section */
		9EE7C4F626E1122400B8A84E /* Debug */ = {
			isa = XCBuildConfiguration;
			buildSettings = {
				ALWAYS_SEARCH_USER_PATHS = NO;
				CLANG_ANALYZER_NONNULL = YES;
				CLANG_ANALYZER_NUMBER_OBJECT_CONVERSION = YES_AGGRESSIVE;
				CLANG_CXX_LANGUAGE_STANDARD = "gnu++14";
				CLANG_CXX_LIBRARY = "libc++";
				CLANG_ENABLE_MODULES = YES;
				CLANG_ENABLE_OBJC_ARC = YES;
				CLANG_ENABLE_OBJC_WEAK = YES;
				CLANG_WARN_BLOCK_CAPTURE_AUTORELEASING = YES;
				CLANG_WARN_BOOL_CONVERSION = YES;
				CLANG_WARN_COMMA = YES;
				CLANG_WARN_CONSTANT_CONVERSION = YES;
				CLANG_WARN_DEPRECATED_OBJC_IMPLEMENTATIONS = YES;
				CLANG_WARN_DIRECT_OBJC_ISA_USAGE = YES_ERROR;
				CLANG_WARN_DOCUMENTATION_COMMENTS = YES;
				CLANG_WARN_EMPTY_BODY = YES;
				CLANG_WARN_ENUM_CONVERSION = YES;
				CLANG_WARN_INFINITE_RECURSION = YES;
				CLANG_WARN_INT_CONVERSION = YES;
				CLANG_WARN_NON_LITERAL_NULL_CONVERSION = YES;
				CLANG_WARN_OBJC_IMPLICIT_RETAIN_SELF = YES;
				CLANG_WARN_OBJC_LITERAL_CONVERSION = YES;
				CLANG_WARN_OBJC_ROOT_CLASS = YES_ERROR;
				CLANG_WARN_QUOTED_INCLUDE_IN_FRAMEWORK_HEADER = YES;
				CLANG_WARN_RANGE_LOOP_ANALYSIS = YES;
				CLANG_WARN_STRICT_PROTOTYPES = YES;
				CLANG_WARN_SUSPICIOUS_MOVE = YES;
				CLANG_WARN_UNGUARDED_AVAILABILITY = YES_AGGRESSIVE;
				CLANG_WARN_UNREACHABLE_CODE = YES;
				CLANG_WARN__DUPLICATE_METHOD_MATCH = YES;
				COPY_PHASE_STRIP = NO;
				DEBUG_INFORMATION_FORMAT = dwarf;
				ENABLE_STRICT_OBJC_MSGSEND = YES;
				ENABLE_TESTABILITY = YES;
				GCC_C_LANGUAGE_STANDARD = gnu11;
				GCC_DYNAMIC_NO_PIC = NO;
				GCC_NO_COMMON_BLOCKS = YES;
				GCC_OPTIMIZATION_LEVEL = 0;
				GCC_PREPROCESSOR_DEFINITIONS = (
					"DEBUG=1",
					"$(inherited)",
				);
				GCC_WARN_64_TO_32_BIT_CONVERSION = YES;
				GCC_WARN_ABOUT_RETURN_TYPE = YES_ERROR;
				GCC_WARN_UNDECLARED_SELECTOR = YES;
				GCC_WARN_UNINITIALIZED_AUTOS = YES_AGGRESSIVE;
				GCC_WARN_UNUSED_FUNCTION = YES;
				GCC_WARN_UNUSED_VARIABLE = YES;
				IPHONEOS_DEPLOYMENT_TARGET = 14.5;
				MTL_ENABLE_DEBUG_INFO = INCLUDE_SOURCE;
				MTL_FAST_MATH = YES;
				ONLY_ACTIVE_ARCH = YES;
				SDKROOT = iphoneos;
				SWIFT_ACTIVE_COMPILATION_CONDITIONS = DEBUG;
				SWIFT_OPTIMIZATION_LEVEL = "-Onone";
			};
			name = Debug;
		};
		9EE7C4F726E1122400B8A84E /* Release */ = {
			isa = XCBuildConfiguration;
			buildSettings = {
				ALWAYS_SEARCH_USER_PATHS = NO;
				CLANG_ANALYZER_NONNULL = YES;
				CLANG_ANALYZER_NUMBER_OBJECT_CONVERSION = YES_AGGRESSIVE;
				CLANG_CXX_LANGUAGE_STANDARD = "gnu++14";
				CLANG_CXX_LIBRARY = "libc++";
				CLANG_ENABLE_MODULES = YES;
				CLANG_ENABLE_OBJC_ARC = YES;
				CLANG_ENABLE_OBJC_WEAK = YES;
				CLANG_WARN_BLOCK_CAPTURE_AUTORELEASING = YES;
				CLANG_WARN_BOOL_CONVERSION = YES;
				CLANG_WARN_COMMA = YES;
				CLANG_WARN_CONSTANT_CONVERSION = YES;
				CLANG_WARN_DEPRECATED_OBJC_IMPLEMENTATIONS = YES;
				CLANG_WARN_DIRECT_OBJC_ISA_USAGE = YES_ERROR;
				CLANG_WARN_DOCUMENTATION_COMMENTS = YES;
				CLANG_WARN_EMPTY_BODY = YES;
				CLANG_WARN_ENUM_CONVERSION = YES;
				CLANG_WARN_INFINITE_RECURSION = YES;
				CLANG_WARN_INT_CONVERSION = YES;
				CLANG_WARN_NON_LITERAL_NULL_CONVERSION = YES;
				CLANG_WARN_OBJC_IMPLICIT_RETAIN_SELF = YES;
				CLANG_WARN_OBJC_LITERAL_CONVERSION = YES;
				CLANG_WARN_OBJC_ROOT_CLASS = YES_ERROR;
				CLANG_WARN_QUOTED_INCLUDE_IN_FRAMEWORK_HEADER = YES;
				CLANG_WARN_RANGE_LOOP_ANALYSIS = YES;
				CLANG_WARN_STRICT_PROTOTYPES = YES;
				CLANG_WARN_SUSPICIOUS_MOVE = YES;
				CLANG_WARN_UNGUARDED_AVAILABILITY = YES_AGGRESSIVE;
				CLANG_WARN_UNREACHABLE_CODE = YES;
				CLANG_WARN__DUPLICATE_METHOD_MATCH = YES;
				COPY_PHASE_STRIP = NO;
				DEBUG_INFORMATION_FORMAT = "dwarf-with-dsym";
				ENABLE_NS_ASSERTIONS = NO;
				ENABLE_STRICT_OBJC_MSGSEND = YES;
				GCC_C_LANGUAGE_STANDARD = gnu11;
				GCC_NO_COMMON_BLOCKS = YES;
				GCC_WARN_64_TO_32_BIT_CONVERSION = YES;
				GCC_WARN_ABOUT_RETURN_TYPE = YES_ERROR;
				GCC_WARN_UNDECLARED_SELECTOR = YES;
				GCC_WARN_UNINITIALIZED_AUTOS = YES_AGGRESSIVE;
				GCC_WARN_UNUSED_FUNCTION = YES;
				GCC_WARN_UNUSED_VARIABLE = YES;
				IPHONEOS_DEPLOYMENT_TARGET = 14.5;
				MTL_ENABLE_DEBUG_INFO = NO;
				MTL_FAST_MATH = YES;
				SDKROOT = iphoneos;
				SWIFT_COMPILATION_MODE = wholemodule;
				SWIFT_OPTIMIZATION_LEVEL = "-O";
				VALIDATE_PRODUCT = YES;
			};
			name = Release;
		};
		9EE7C4F926E1122400B8A84E /* Debug */ = {
			isa = XCBuildConfiguration;
			buildSettings = {
				ASSETCATALOG_COMPILER_APPICON_NAME = AppIcon;
				ASSETCATALOG_COMPILER_GLOBAL_ACCENT_COLOR_NAME = AccentColor;
				CODE_SIGN_STYLE = Automatic;
				INFOPLIST_FILE = mvvmCollection/Info.plist;
				LD_RUNPATH_SEARCH_PATHS = (
					"$(inherited)",
					"@executable_path/Frameworks",
				);
				PRODUCT_BUNDLE_IDENTIFIER = lukeRave.mvvmCollection;
				PRODUCT_NAME = "$(TARGET_NAME)";
				SWIFT_VERSION = 5.0;
				TARGETED_DEVICE_FAMILY = "1,2";
			};
			name = Debug;
		};
		9EE7C4FA26E1122400B8A84E /* Release */ = {
			isa = XCBuildConfiguration;
			buildSettings = {
				ASSETCATALOG_COMPILER_APPICON_NAME = AppIcon;
				ASSETCATALOG_COMPILER_GLOBAL_ACCENT_COLOR_NAME = AccentColor;
				CODE_SIGN_STYLE = Automatic;
				INFOPLIST_FILE = mvvmCollection/Info.plist;
				LD_RUNPATH_SEARCH_PATHS = (
					"$(inherited)",
					"@executable_path/Frameworks",
				);
				PRODUCT_BUNDLE_IDENTIFIER = lukeRave.mvvmCollection;
				PRODUCT_NAME = "$(TARGET_NAME)";
				SWIFT_VERSION = 5.0;
				TARGETED_DEVICE_FAMILY = "1,2";
			};
			name = Release;
		};
/* End XCBuildConfiguration section */

/* Begin XCConfigurationList section */
		9EE7C4DF26E1122200B8A84E /* Build configuration list for PBXProject "mvvmCollection" */ = {
			isa = XCConfigurationList;
			buildConfigurations = (
				9EE7C4F626E1122400B8A84E /* Debug */,
				9EE7C4F726E1122400B8A84E /* Release */,
			);
			defaultConfigurationIsVisible = 0;
			defaultConfigurationName = Release;
		};
		9EE7C4F826E1122400B8A84E /* Build configuration list for PBXNativeTarget "mvvmCollection" */ = {
			isa = XCConfigurationList;
			buildConfigurations = (
				9EE7C4F926E1122400B8A84E /* Debug */,
				9EE7C4FA26E1122400B8A84E /* Release */,
			);
			defaultConfigurationIsVisible = 0;
			defaultConfigurationName = Release;
		};
/* End XCConfigurationList section */
	};
	rootObject = 9EE7C4DC26E1122200B8A84E /* Project object */;
}
